
Microsoft Visual Studio Solution File, Format Version 12.00
# Visual Studio Version 16
VisualStudioVersion = 16.0.31005.135
MinimumVisualStudioVersion = 10.0.40219.1
Project("{FAE04EC0-301F-11D3-BF4B-00C04F79EFBC}") = "MarketStoreDiscountCards", "MarketStoreDiscountCards.csproj", "{4CACC4C9-FC1A-48D4-A662-E98993770972}"
EndProject
Global
	GlobalSection(SolutionConfigurationPlatforms) = preSolution
		Debug|Any CPU = Debug|Any CPU
		Release|Any CPU = Release|Any CPU
	EndGlobalSection
	GlobalSection(ProjectConfigurationPlatforms) = postSolution
		{4CACC4C9-FC1A-48D4-A662-E98993770972}.Debug|Any CPU.ActiveCfg = Debug|Any CPU
		{4CACC4C9-FC1A-48D4-A662-E98993770972}.Debug|Any CPU.Build.0 = Debug|Any CPU
		{4CACC4C9-FC1A-48D4-A662-E98993770972}.Release|Any CPU.ActiveCfg = Release|Any CPU
		{4CACC4C9-FC1A-48D4-A662-E98993770972}.Release|Any CPU.Build.0 = Release|Any CPU
	EndGlobalSection
	GlobalSection(SolutionProperties) = preSolution
		HideSolutionNode = FALSE
	EndGlobalSection
	GlobalSection(ExtensibilityGlobals) = postSolution
		SolutionGuid = {BE158BF7-90C4-4F67-9292-EE6C72AAC58F}
	EndGlobalSection
EndGlobal
